
Microsoft Visual Studio Solution File, Format Version 12.00
# Visual Studio Version 17
VisualStudioVersion = 17.4.33403.182
MinimumVisualStudioVersion = 10.0.40219.1
Project("{FAE04EC0-301F-11D3-BF4B-00C04F79EFBC}") = "OOP21", "OOP21\OOP21.csproj", "{D42F52C1-212B-471E-988B-3DA70BAC8221}"
EndProject
Global
	GlobalSection(SolutionConfigurationPlatforms) = preSolution
		Debug|Any CPU = Debug|Any CPU
		Release|Any CPU = Release|Any CPU
	EndGlobalSection
	GlobalSection(ProjectConfigurationPlatforms) = postSolution
		{D42F52C1-212B-471E-988B-3DA70BAC8221}.Debug|Any CPU.ActiveCfg = Debug|Any CPU
		{D42F52C1-212B-471E-988B-3DA70BAC8221}.Debug|Any CPU.Build.0 = Debug|Any CPU
		{D42F52C1-212B-471E-988B-3DA70BAC8221}.Release|Any CPU.ActiveCfg = Release|Any CPU
		{D42F52C1-212B-471E-988B-3DA70BAC8221}.Release|Any CPU.Build.0 = Release|Any CPU
	EndGlobalSection
	GlobalSection(SolutionProperties) = preSolution
		HideSolutionNode = FALSE
	EndGlobalSection
	GlobalSection(ExtensibilityGlobals) = postSolution
		SolutionGuid = {5E8DA389-9080-4EEE-B56F-A140A60E0504}
	EndGlobalSection
EndGlobal
